
Microsoft Visual Studio Solution File, Format Version 12.00
# Visual Studio Version 16
VisualStudioVersion = 16.0.29418.71
MinimumVisualStudioVersion = 10.0.40219.1
Project("{FAE04EC0-301F-11D3-BF4B-00C04F79EFBC}") = "QuanLyBanHang", "QuanLyBanHang\QuanLyBanHang.csproj", "{09FC8A77-80C7-4F9D-8365-8131D94CACA1}"
EndProject
Global
	GlobalSection(SolutionConfigurationPlatforms) = preSolution
		Debug|Any CPU = Debug|Any CPU
		Release|Any CPU = Release|Any CPU
	EndGlobalSection
	GlobalSection(ProjectConfigurationPlatforms) = postSolution
		{09FC8A77-80C7-4F9D-8365-8131D94CACA1}.Debug|Any CPU.ActiveCfg = Debug|Any CPU
		{09FC8A77-80C7-4F9D-8365-8131D94CACA1}.Debug|Any CPU.Build.0 = Debug|Any CPU
		{09FC8A77-80C7-4F9D-8365-8131D94CACA1}.Release|Any CPU.ActiveCfg = Release|Any CPU
		{09FC8A77-80C7-4F9D-8365-8131D94CACA1}.Release|Any CPU.Build.0 = Release|Any CPU
	EndGlobalSection
	GlobalSection(SolutionProperties) = preSolution
		HideSolutionNode = FALSE
	EndGlobalSection
	GlobalSection(ExtensibilityGlobals) = postSolution
		SolutionGuid = {069C4DFF-502D-45EC-A818-92D9B7791833}
	EndGlobalSection
EndGlobal
